<?xml version="1.0" encoding="utf-8"?>
<Project ToolsVersion="4.0" xmlns="http://schemas.microsoft.com/developer/msbuild/2003">
  <ItemGroup>
    <Filter Include="Source Files">
      <UniqueIdentifier>{4FC737F1-C7A5-4376-A066-2A32D752A2FF}</UniqueIdentifier>
      <Extensions>cpp;c;cc;cxx;c++;cppm;ixx;def;odl;idl;hpj;bat;asm;asmx</Extensions>
    </Filter>
    <Filter Include="Header Files">
      <UniqueIdentifier>{93995380-89BD-4b04-88EB-625FBE52EBFB}</UniqueIdentifier>
      <Extensions>h;hh;hpp;hxx;h++;hm;inl;inc;ipp;xsd</Extensions>
    </Filter>
    <Filter Include="Resource Files">
      <UniqueIdentifier>{67DA6AB6-F800-4c08-8B7A-83BB121AAD01}</UniqueIdentifier>
      <Extensions>rc;ico;cur;bmp;dlg;rc2;rct;bin;rgs;gif;jpg;jpeg;jpe;resx;tiff;tif;png;wav;mfcribbon-ms</Extensions>
    </Filter>
  </ItemGroup>
  <ItemGroup>
    <ClCompile Include="main.c">
      <Filter>Source Files</Filter>
    </ClCompile>
  </ItemGroup>
  <ItemGroup>
    <None Include="find.efi" />
    <None Include="more.efi" />
    <None Include="AcpiBin.efi" />
    <None Include="AcpiDump.efi" />
    <None Include="AcpiExec.efi" />
    <None Include="AcpiHelp.efi" />
    <None Include="AcpiSrc.efi" />
    <None Include="AcpiXtract.efi" />
    <None Include="AslCompiler.efi" />
    <None Include="rtcdmp.efi" />
    <None Include="siodmp.efi" />
    <None Include="diskpart.efi" />
    <None Include="PCIVIEW.efi" />
    <None Include="iodmp8.efi" />
    <None Include="iodmp16.efi" />
    <None Include="iodmp32.efi" />
    <None Include="iowr8.efi" />
    <None Include="iowr16.efi" />
    <None Include="iowr32.efi" />
    <None Include="memdmp8.efi" />
    <None Include="memdmp16.efi" />
    <None Include="memdmp32.efi" />
    <None Include="memdmp64.efi" />
    <None Include="memwr8.efi" />
    <None Include="memwr16.efi" />
    <None Include="memwr32.efi" />
    <None Include="memwr64.efi" />
    <None Include="pcidmp8.efi" />
    <None Include="pcidmp16.efi" />
    <None Include="pcidmp32.efi" />
    <None Include="pciwr8.efi" />
    <None Include="pciwr16.efi" />
    <None Include="pciwr32.efi" />
    <None Include="rtcdmp8.efi" />
    <None Include="rtcwr8.efi" />
  </ItemGroup>
</Project>