<?xml version="1.0" encoding="utf-8"?>
<Project ToolsVersion="4.0" xmlns="http://schemas.microsoft.com/developer/msbuild/2003">
  <ItemGroup>
    <Filter Include="Source Files">
      <UniqueIdentifier>{4FC737F1-C7A5-4376-A066-2A32D752A2FF}</UniqueIdentifier>
      <Extensions>cpp;c;cc;cxx;c++;cppm;ixx;def;odl;idl;hpj;bat;asm;asmx</Extensions>
    </Filter>
    <Filter Include="Header Files">
      <UniqueIdentifier>{93995380-89BD-4b04-88EB-625FBE52EBFB}</UniqueIdentifier>
      <Extensions>h;hh;hpp;hxx;h++;hm;inl;inc;ipp;xsd</Extensions>
    </Filter>
    <Filter Include="Resource Files">
      <UniqueIdentifier>{67DA6AB6-F800-4c08-8B7A-83BB121AAD01}</UniqueIdentifier>
      <Extensions>rc;ico;cur;bmp;dlg;rc2;rct;bin;rgs;gif;jpg;jpeg;jpe;resx;tiff;tif;png;wav;mfcribbon-ms</Extensions>
    </Filter>
  </ItemGroup>
  <ItemGroup>
    <ClCompile Include="..\..\EDK2\MdePkg\Library\BaseMemoryLib\CompareMemWrapper.c">
      <Filter>Source Files</Filter>
    </ClCompile>
    <ClCompile Include="..\..\EDK2\MdePkg\Library\BaseMemoryLib\CopyMem.c">
      <Filter>Source Files</Filter>
    </ClCompile>
    <ClCompile Include="..\..\EDK2\MdePkg\Library\BaseMemoryLib\CopyMemWrapper.c">
      <Filter>Source Files</Filter>
    </ClCompile>
    <ClCompile Include="..\..\EDK2\MdePkg\Library\BaseMemoryLib\IsZeroBufferWrapper.c">
      <Filter>Source Files</Filter>
    </ClCompile>
    <ClCompile Include="..\..\EDK2\MdePkg\Library\BaseMemoryLib\MemLibGeneric.c">
      <Filter>Source Files</Filter>
    </ClCompile>
    <ClCompile Include="..\..\EDK2\MdePkg\Library\BaseMemoryLib\MemLibGuid.c">
      <Filter>Source Files</Filter>
    </ClCompile>
    <ClCompile Include="..\..\EDK2\MdePkg\Library\BaseMemoryLib\ScanMem8Wrapper.c">
      <Filter>Source Files</Filter>
    </ClCompile>
    <ClCompile Include="..\..\EDK2\MdePkg\Library\BaseMemoryLib\ScanMem16Wrapper.c">
      <Filter>Source Files</Filter>
    </ClCompile>
    <ClCompile Include="..\..\EDK2\MdePkg\Library\BaseMemoryLib\ScanMem32Wrapper.c">
      <Filter>Source Files</Filter>
    </ClCompile>
    <ClCompile Include="..\..\EDK2\MdePkg\Library\BaseMemoryLib\ScanMem64Wrapper.c">
      <Filter>Source Files</Filter>
    </ClCompile>
    <ClCompile Include="..\..\EDK2\MdePkg\Library\BaseMemoryLib\SetMem.c">
      <Filter>Source Files</Filter>
    </ClCompile>
    <ClCompile Include="..\..\EDK2\MdePkg\Library\BaseMemoryLib\SetMem16Wrapper.c">
      <Filter>Source Files</Filter>
    </ClCompile>
    <ClCompile Include="..\..\EDK2\MdePkg\Library\BaseMemoryLib\SetMem32Wrapper.c">
      <Filter>Source Files</Filter>
    </ClCompile>
    <ClCompile Include="..\..\EDK2\MdePkg\Library\BaseMemoryLib\SetMem64Wrapper.c">
      <Filter>Source Files</Filter>
    </ClCompile>
    <ClCompile Include="..\..\EDK2\MdePkg\Library\BaseMemoryLib\SetMemWrapper.c">
      <Filter>Source Files</Filter>
    </ClCompile>
    <ClCompile Include="..\..\EDK2\MdePkg\Library\BaseMemoryLib\ZeroMemWrapper.c">
      <Filter>Source Files</Filter>
    </ClCompile>
  </ItemGroup>
  <ItemGroup>
    <ClInclude Include="..\..\EDK2\MdePkg\Library\BaseMemoryLib\MemLibInternals.h">
      <Filter>Header Files</Filter>
    </ClInclude>
    <ClInclude Include="..\..\EDK2\Build\Shell\RELEASE_VS2015\X64\MdePkg\Library\BaseMemoryLib\BaseMemoryLib\DEBUG\AutoGen.h">
      <Filter>Header Files</Filter>
    </ClInclude>
  </ItemGroup>
</Project>