<?xml version="1.0" encoding="utf-8"?>
<Project ToolsVersion="4.0" xmlns="http://schemas.microsoft.com/developer/msbuild/2003">
  <ItemGroup>
    <Filter Include="Source Files">
      <UniqueIdentifier>{4FC737F1-C7A5-4376-A066-2A32D752A2FF}</UniqueIdentifier>
      <Extensions>cpp;c;cc;cxx;c++;cppm;ixx;def;odl;idl;hpj;bat;asm;asmx</Extensions>
    </Filter>
    <Filter Include="Header Files">
      <UniqueIdentifier>{93995380-89BD-4b04-88EB-625FBE52EBFB}</UniqueIdentifier>
      <Extensions>h;hh;hpp;hxx;h++;hm;inl;inc;ipp;xsd</Extensions>
    </Filter>
    <Filter Include="Resource Files">
      <UniqueIdentifier>{67DA6AB6-F800-4c08-8B7A-83BB121AAD01}</UniqueIdentifier>
      <Extensions>rc;ico;cur;bmp;dlg;rc2;rct;bin;rgs;gif;jpg;jpeg;jpe;resx;tiff;tif;png;wav;mfcribbon-ms</Extensions>
    </Filter>
  </ItemGroup>
  <ItemGroup>
    <ClCompile Include="..\..\EDK2\ShellPkg\Application\Shell\ConsoleLogger.c">
      <Filter>Source Files</Filter>
    </ClCompile>
    <ClCompile Include="..\..\EDK2\ShellPkg\Application\Shell\ConsoleWrappers.c">
      <Filter>Source Files</Filter>
    </ClCompile>
    <ClCompile Include="..\..\EDK2\ShellPkg\Application\Shell\FileHandleWrappers.c">
      <Filter>Source Files</Filter>
    </ClCompile>
    <ClCompile Include="..\..\EDK2\ShellPkg\Application\Shell\ShellEnvVar.c">
      <Filter>Source Files</Filter>
    </ClCompile>
    <ClCompile Include="..\..\EDK2\ShellPkg\Application\Shell\ShellManParser.c">
      <Filter>Source Files</Filter>
    </ClCompile>
    <ClCompile Include="..\..\EDK2\ShellPkg\Application\Shell\ShellParametersProtocol.c">
      <Filter>Source Files</Filter>
    </ClCompile>
    <ClCompile Include="..\..\EDK2\Build\Shell\RELEASE_VS2015\X64\ShellPkg\Application\Shell\EA4BB293-2D7F-4456-A681-1F22F42CD0BC\DEBUG\AutoGen.c">
      <Filter>Source Files</Filter>
    </ClCompile>
    <ClCompile Include="..\..\EDK2\ShellPkg\Application\Shell\Shell.c">
      <Filter>Source Files</Filter>
    </ClCompile>
    <ClCompile Include="Shell.c">
      <Filter>Source Files</Filter>
    </ClCompile>
    <ClCompile Include="ShellProtocol.c">
      <Filter>Source Files</Filter>
    </ClCompile>
    <ClCompile Include="..\..\EDK2\ShellPkg\Application\Shell\ShellProtocol.c">
      <Filter>Source Files</Filter>
    </ClCompile>
  </ItemGroup>
  <ItemGroup>
    <ClInclude Include="..\..\EDK2\ShellPkg\Application\Shell\ConsoleLogger.h">
      <Filter>Header Files</Filter>
    </ClInclude>
    <ClInclude Include="..\..\EDK2\ShellPkg\Application\Shell\ConsoleWrappers.h">
      <Filter>Header Files</Filter>
    </ClInclude>
    <ClInclude Include="..\..\EDK2\ShellPkg\Application\Shell\FileHandleInternal.h">
      <Filter>Header Files</Filter>
    </ClInclude>
    <ClInclude Include="..\..\EDK2\ShellPkg\Application\Shell\FileHandleWrappers.h">
      <Filter>Header Files</Filter>
    </ClInclude>
    <ClInclude Include="..\..\EDK2\ShellPkg\Application\Shell\Shell.h">
      <Filter>Header Files</Filter>
    </ClInclude>
    <ClInclude Include="..\..\EDK2\ShellPkg\Application\Shell\ShellEnvVar.h">
      <Filter>Header Files</Filter>
    </ClInclude>
    <ClInclude Include="..\..\EDK2\ShellPkg\Application\Shell\ShellManParser.h">
      <Filter>Header Files</Filter>
    </ClInclude>
    <ClInclude Include="..\..\EDK2\ShellPkg\Application\Shell\ShellParametersProtocol.h">
      <Filter>Header Files</Filter>
    </ClInclude>
    <ClInclude Include="..\..\EDK2\ShellPkg\Application\Shell\ShellProtocol.h">
      <Filter>Header Files</Filter>
    </ClInclude>
    <ClInclude Include="..\..\EDK2\Build\Shell\RELEASE_VS2015\X64\ShellPkg\Application\Shell\EA4BB293-2D7F-4456-A681-1F22F42CD0BC\DEBUG\AutoGen.h">
      <Filter>Header Files</Filter>
    </ClInclude>
    <ClInclude Include="..\..\EDK2\Build\Shell\RELEASE_VS2015\X64\ShellPkg\Application\Shell\EA4BB293-2D7F-4456-A681-1F22F42CD0BC\DEBUG\ShellStrDefs.h">
      <Filter>Header Files</Filter>
    </ClInclude>
    <ClInclude Include="BUILDNUM.h">
      <Filter>Header Files</Filter>
    </ClInclude>
    <ClInclude Include="VERSION.h">
      <Filter>Header Files</Filter>
    </ClInclude>
    <ClInclude Include="plugins.h">
      <Filter>Header Files</Filter>
    </ClInclude>
  </ItemGroup>
  <ItemGroup>
    <None Include="..\..\EDK2\ShellPkg\Application\Shell\Shell.uni" />
    <None Include="BUILDNUM.bat">
      <Filter>Source Files</Filter>
    </None>
  </ItemGroup>
</Project>