
Microsoft Visual Studio Solution File, Format Version 12.00
# Visual Studio Version 17
VisualStudioVersion = 17.5.33530.505
MinimumVisualStudioVersion = 10.0.40219.1
Project("{8BC9CEB8-8B4A-11D0-8D11-00A0C91BC942}") = "BaseLib", "BaseLib\BaseLib.vcxproj", "{3FBA5817-1645-46FD-98AC-966E66B608E4}"
EndProject
Project("{8BC9CEB8-8B4A-11D0-8D11-00A0C91BC942}") = "UefiApplicationEntryPoint", "UefiApplicationEntryPoint\UefiApplicationEntryPoint.vcxproj", "{07288347-DA57-4E1D-AF8D-5FA2C10807DE}"
EndProject
Project("{8BC9CEB8-8B4A-11D0-8D11-00A0C91BC942}") = "BaseDebugLibNull", "BaseDebugLibNull\BaseDebugLibNull.vcxproj", "{252EEE75-4914-4FD0-845C-29AD4011E372}"
EndProject
Project("{8BC9CEB8-8B4A-11D0-8D11-00A0C91BC942}") = "UefiBootServicesTableLib", "UefiBootServicesTableLib\UefiBootServicesTableLib.vcxproj", "{9202EE2C-2C52-46D5-AF6E-95915252ADAC}"
EndProject
Project("{8BC9CEB8-8B4A-11D0-8D11-00A0C91BC942}") = "DevicePathLib", "DevicePathLib\DevicePathLib.vcxproj", "{23F103C3-6CB0-4562-A123-155CFF53F8B4}"
EndProject
Project("{8BC9CEB8-8B4A-11D0-8D11-00A0C91BC942}") = "UefiRuntimeServicesTableLib", "UefiRuntimeServicesTableLib\UefiRuntimeServicesTableLib.vcxproj", "{32DCDEEC-F8F7-4C04-9BA6-E82FD8EE9E5A}"
EndProject
Project("{8BC9CEB8-8B4A-11D0-8D11-00A0C91BC942}") = "UefiLib", "UefiLib\UefiLib.vcxproj", "{D18FF998-E979-44A5-9C07-9D5CE7887F00}"
EndProject
Project("{8BC9CEB8-8B4A-11D0-8D11-00A0C91BC942}") = "UefiHiiLib", "UefiHiiLib\UefiHiiLib.vcxproj", "{C4EB84E8-1151-4E89-8CA3-5F7100F6F779}"
EndProject
Project("{8BC9CEB8-8B4A-11D0-8D11-00A0C91BC942}") = "UefiHiiServicesLib", "UefiHiiServicesLib\UefiHiiServicesLib.vcxproj", "{AFDBFFA5-7F37-4F7D-98CB-F9950F023FC4}"
EndProject
Project("{8BC9CEB8-8B4A-11D0-8D11-00A0C91BC942}") = "DxeHobLib", "DxeHobLib\DxeHobLib.vcxproj", "{B59F8254-0DD7-4024-B123-D84D094200F4}"
EndProject
Project("{8BC9CEB8-8B4A-11D0-8D11-00A0C91BC942}") = "DxeServicesTableLib", "DxeServicesTableLib\DxeServicesTableLib.vcxproj", "{E55F3A3E-0741-4AF6-96DC-262DEE5E2B36}"
EndProject
Project("{8BC9CEB8-8B4A-11D0-8D11-00A0C91BC942}") = "UefiShellLib", "UefiShellLib\UefiShellLib.vcxproj", "{548755CD-F45E-47F1-97C1-5F85FB778CB0}"
EndProject
Project("{8BC9CEB8-8B4A-11D0-8D11-00A0C91BC942}") = "UefiHandleParsingLib", "UefiHandleParsingLib\UefiHandleParsingLib.vcxproj", "{3627BACE-EED0-40ED-80DE-CA94A04A2FEC}"
EndProject
Project("{8BC9CEB8-8B4A-11D0-8D11-00A0C91BC942}") = "UefiShellCommandLib", "UefiShellCommandLib\UefiShellCommandLib.vcxproj", "{45736B32-3D2A-436E-97BD-C82D79ACE5DD}"
EndProject
Project("{8BC9CEB8-8B4A-11D0-8D11-00A0C91BC942}") = "UefiShellLevel2CommandsLib", "UefiShellLevel2CommandsLib\UefiShellLevel2CommandsLib.vcxproj", "{B9A7CF9D-DB13-4C15-802D-10806BDF2A24}"
EndProject
Project("{8BC9CEB8-8B4A-11D0-8D11-00A0C91BC942}") = "UefiShellLevel1CommandsLib", "UefiShellLevel1CommandsLib\UefiShellLevel1CommandsLib.vcxproj", "{3610B8C8-E6D7-4F06-83C6-DA6B35180DAE}"
EndProject
Project("{8BC9CEB8-8B4A-11D0-8D11-00A0C91BC942}") = "UefiShellLevel3CommandsLib", "UefiShellLevel3CommandsLib\UefiShellLevel3CommandsLib.vcxproj", "{303D2F3A-9311-4FA0-A014-78BCAC68982D}"
EndProject
Project("{8BC9CEB8-8B4A-11D0-8D11-00A0C91BC942}") = "UefiShellDriver1CommandsLib", "UefiShellDriver1CommandsLib\UefiShellDriver1CommandsLib.vcxproj", "{43BA7E4C-192F-480D-B368-DAD266409CC0}"
EndProject
Project("{8BC9CEB8-8B4A-11D0-8D11-00A0C91BC942}") = "UefiShellInstall1CommandsLib", "UefiShellInstall1CommandsLib\UefiShellInstall1CommandsLib.vcxproj", "{70DDF0FD-8837-4554-93DB-22D3160A714C}"
EndProject
Project("{8BC9CEB8-8B4A-11D0-8D11-00A0C91BC942}") = "UefiShellDebug1CommandsLib", "UefiShellDebug1CommandsLib\UefiShellDebug1CommandsLib.vcxproj", "{5F604D76-D6CA-4D76-AB40-8DB036D1942F}"
EndProject
Project("{8BC9CEB8-8B4A-11D0-8D11-00A0C91BC942}") = "UefiShellNetwork1CommandsLib", "UefiShellNetwork1CommandsLib\UefiShellNetwork1CommandsLib.vcxproj", "{9E9ACF32-B3ED-4184-9934-A3696333D135}"
EndProject
Project("{8BC9CEB8-8B4A-11D0-8D11-00A0C91BC942}") = "UefiShellNetwork2CommandsLib", "UefiShellNetwork2CommandsLib\UefiShellNetwork2CommandsLib.vcxproj", "{15FC3C43-C426-45EC-9438-F11243DEFA35}"
EndProject
Project("{8BC9CEB8-8B4A-11D0-8D11-00A0C91BC942}") = "UefiShellAcpiViewCommandLib", "UefiShellAcpiViewCommandLib\UefiShellAcpiViewCommandLib.vcxproj", "{83494490-1F3A-4786-9559-41B695078FE9}"
EndProject
Project("{8BC9CEB8-8B4A-11D0-8D11-00A0C91BC942}") = "BaseMemoryLib", "BaseMemoryLib\BaseMemoryLib.vcxproj", "{202A0E0F-63EF-422E-8403-9EE97D4E1831}"
EndProject
Project("{8BC9CEB8-8B4A-11D0-8D11-00A0C91BC942}") = "UefiMemoryAllocationLib", "UefiMemoryAllocationLib\UefiMemoryAllocationLib.vcxproj", "{158299C9-124B-41D3-A8DE-B7129EB4B61A}"
EndProject
Project("{8BC9CEB8-8B4A-11D0-8D11-00A0C91BC942}") = "BasePrintLib", "BasePrintLib\BasePrintLib.vcxproj", "{2C9369D9-4BAB-47C0-88B3-0928E013C503}"
EndProject
Project("{8BC9CEB8-8B4A-11D0-8D11-00A0C91BC942}") = "UefiFileHandleLib", "UefiFileHandleLib\UefiFileHandleLib.vcxproj", "{0542D94F-BADF-469B-96A6-A44BB49003E8}"
EndProject
Project("{8BC9CEB8-8B4A-11D0-8D11-00A0C91BC942}") = "UefiSortLib", "UefiSortLib\UefiSortLib.vcxproj", "{FBA787D0-A9EA-48F6-A63A-8EE22FD8BD0F}"
EndProject
Project("{8BC9CEB8-8B4A-11D0-8D11-00A0C91BC942}") = "BasePeCoffGetEntryPointLib", "BasePeCoffGetEntryPointLib\BasePeCoffGetEntryPointLib.vcxproj", "{0C9E6C53-DE5D-49E5-B295-28D43AE32E2D}"
EndProject
Project("{8BC9CEB8-8B4A-11D0-8D11-00A0C91BC942}") = "BaseOrderedCollectionRedBlackTreeLib", "BaseOrderedCollectionRedBlackTreeLib\BaseOrderedCollectionRedBlackTreeLib.vcxproj", "{F346010A-9FF5-4192-98C4-5E92D3AD0C60}"
EndProject
Project("{8BC9CEB8-8B4A-11D0-8D11-00A0C91BC942}") = "UefiShellBcfgCommandLib", "UefiShellBcfgCommandLib\UefiShellBcfgCommandLib.vcxproj", "{437BCD9F-0DB8-4719-98A2-3EB5EF033A81}"
EndProject
Project("{8BC9CEB8-8B4A-11D0-8D11-00A0C91BC942}") = "BaseIoLibIntrinsic", "BaseIoLibIntrinsic\BaseIoLibIntrinsic.vcxproj", "{D9847AC5-2594-4233-AC13-C0A65A63725A}"
EndProject
Project("{8BC9CEB8-8B4A-11D0-8D11-00A0C91BC942}") = "DxeNetLib", "DxeNetLib\DxeNetLib.vcxproj", "{08C031B4-B9BD-4689-BF79-C33C97D8852F}"
EndProject
Project("{8BC9CEB8-8B4A-11D0-8D11-00A0C91BC942}") = "UefiBootManagerLib", "UefiBootManagerLib\UefiBootManagerLib.vcxproj", "{65E25AFB-4E4A-4D39-B771-ACAACB679892}"
EndProject
Project("{8BC9CEB8-8B4A-11D0-8D11-00A0C91BC942}") = "FilterLibNull", "FilterLibNull\FilterLibNull.vcxproj", "{354E29D1-C35C-4497-9696-4EC01B164754}"
EndProject
Project("{8BC9CEB8-8B4A-11D0-8D11-00A0C91BC942}") = "DxeServicesLib", "DxeServicesLib\DxeServicesLib.vcxproj", "{DFE85119-715B-41BB-B925-97BD340AB5DD}"
EndProject
Project("{8BC9CEB8-8B4A-11D0-8D11-00A0C91BC942}") = "BaseReportStatusCodeLibNull", "BaseReportStatusCodeLibNull\BaseReportStatusCodeLibNull.vcxproj", "{9F3BB514-E5AE-4BB6-9BB6-8288B307BAF1}"
EndProject
Project("{8BC9CEB8-8B4A-11D0-8D11-00A0C91BC942}") = "BasePerformanceLibNull", "BasePerformanceLibNull\BasePerformanceLibNull.vcxproj", "{93B57BD0-60A6-4223-A264-F6E2EC6CDE3C}"
EndProject
Project("{8BC9CEB8-8B4A-11D0-8D11-00A0C91BC942}") = "VariablePolicyHelperLib", "VariablePolicyHelperLib\VariablePolicyHelperLib.vcxproj", "{7E83323D-277F-46A0-B870-14F1B0EF6371}"
EndProject
Project("{2150E333-8FDC-42A3-9474-1A3956D46DE8}") = "Solution Items", "Solution Items", "{690E3EB6-AE33-40BA-8A88-6CBE5CFB7095}"
	ProjectSection(SolutionItems) = preProject
		clean.bat = clean.bat
		..\README.md = ..\README.md
	EndProjectSection
EndProject
Project("{8BC9CEB8-8B4A-11D0-8D11-00A0C91BC942}") = "bootX64", "bootX64\bootX64.vcxproj", "{E9E765AC-68DE-43B2-A5EE-1319521D1C77}"
	ProjectSection(ProjectDependencies) = postProject
		{0542D94F-BADF-469B-96A6-A44BB49003E8} = {0542D94F-BADF-469B-96A6-A44BB49003E8}
		{07288347-DA57-4E1D-AF8D-5FA2C10807DE} = {07288347-DA57-4E1D-AF8D-5FA2C10807DE}
		{08C031B4-B9BD-4689-BF79-C33C97D8852F} = {08C031B4-B9BD-4689-BF79-C33C97D8852F}
		{0C9E6C53-DE5D-49E5-B295-28D43AE32E2D} = {0C9E6C53-DE5D-49E5-B295-28D43AE32E2D}
		{158299C9-124B-41D3-A8DE-B7129EB4B61A} = {158299C9-124B-41D3-A8DE-B7129EB4B61A}
		{15FC3C43-C426-45EC-9438-F11243DEFA35} = {15FC3C43-C426-45EC-9438-F11243DEFA35}
		{202A0E0F-63EF-422E-8403-9EE97D4E1831} = {202A0E0F-63EF-422E-8403-9EE97D4E1831}
		{23F103C3-6CB0-4562-A123-155CFF53F8B4} = {23F103C3-6CB0-4562-A123-155CFF53F8B4}
		{252EEE75-4914-4FD0-845C-29AD4011E372} = {252EEE75-4914-4FD0-845C-29AD4011E372}
		{2C9369D9-4BAB-47C0-88B3-0928E013C503} = {2C9369D9-4BAB-47C0-88B3-0928E013C503}
		{303D2F3A-9311-4FA0-A014-78BCAC68982D} = {303D2F3A-9311-4FA0-A014-78BCAC68982D}
		{32DCDEEC-F8F7-4C04-9BA6-E82FD8EE9E5A} = {32DCDEEC-F8F7-4C04-9BA6-E82FD8EE9E5A}
		{354E29D1-C35C-4497-9696-4EC01B164754} = {354E29D1-C35C-4497-9696-4EC01B164754}
		{3610B8C8-E6D7-4F06-83C6-DA6B35180DAE} = {3610B8C8-E6D7-4F06-83C6-DA6B35180DAE}
		{3627BACE-EED0-40ED-80DE-CA94A04A2FEC} = {3627BACE-EED0-40ED-80DE-CA94A04A2FEC}
		{3FBA5817-1645-46FD-98AC-966E66B608E4} = {3FBA5817-1645-46FD-98AC-966E66B608E4}
		{437BCD9F-0DB8-4719-98A2-3EB5EF033A81} = {437BCD9F-0DB8-4719-98A2-3EB5EF033A81}
		{43BA7E4C-192F-480D-B368-DAD266409CC0} = {43BA7E4C-192F-480D-B368-DAD266409CC0}
		{45736B32-3D2A-436E-97BD-C82D79ACE5DD} = {45736B32-3D2A-436E-97BD-C82D79ACE5DD}
		{548755CD-F45E-47F1-97C1-5F85FB778CB0} = {548755CD-F45E-47F1-97C1-5F85FB778CB0}
		{5F604D76-D6CA-4D76-AB40-8DB036D1942F} = {5F604D76-D6CA-4D76-AB40-8DB036D1942F}
		{65E25AFB-4E4A-4D39-B771-ACAACB679892} = {65E25AFB-4E4A-4D39-B771-ACAACB679892}
		{70DDF0FD-8837-4554-93DB-22D3160A714C} = {70DDF0FD-8837-4554-93DB-22D3160A714C}
		{7E83323D-277F-46A0-B870-14F1B0EF6371} = {7E83323D-277F-46A0-B870-14F1B0EF6371}
		{83494490-1F3A-4786-9559-41B695078FE9} = {83494490-1F3A-4786-9559-41B695078FE9}
		{9202EE2C-2C52-46D5-AF6E-95915252ADAC} = {9202EE2C-2C52-46D5-AF6E-95915252ADAC}
		{93B57BD0-60A6-4223-A264-F6E2EC6CDE3C} = {93B57BD0-60A6-4223-A264-F6E2EC6CDE3C}
		{9E9ACF32-B3ED-4184-9934-A3696333D135} = {9E9ACF32-B3ED-4184-9934-A3696333D135}
		{9F3BB514-E5AE-4BB6-9BB6-8288B307BAF1} = {9F3BB514-E5AE-4BB6-9BB6-8288B307BAF1}
		{AFDBFFA5-7F37-4F7D-98CB-F9950F023FC4} = {AFDBFFA5-7F37-4F7D-98CB-F9950F023FC4}
		{B59F8254-0DD7-4024-B123-D84D094200F4} = {B59F8254-0DD7-4024-B123-D84D094200F4}
		{B9A7CF9D-DB13-4C15-802D-10806BDF2A24} = {B9A7CF9D-DB13-4C15-802D-10806BDF2A24}
		{C4EB84E8-1151-4E89-8CA3-5F7100F6F779} = {C4EB84E8-1151-4E89-8CA3-5F7100F6F779}
		{D18FF998-E979-44A5-9C07-9D5CE7887F00} = {D18FF998-E979-44A5-9C07-9D5CE7887F00}
		{D9847AC5-2594-4233-AC13-C0A65A63725A} = {D9847AC5-2594-4233-AC13-C0A65A63725A}
		{DFE85119-715B-41BB-B925-97BD340AB5DD} = {DFE85119-715B-41BB-B925-97BD340AB5DD}
		{E55F3A3E-0741-4AF6-96DC-262DEE5E2B36} = {E55F3A3E-0741-4AF6-96DC-262DEE5E2B36}
		{F346010A-9FF5-4192-98C4-5E92D3AD0C60} = {F346010A-9FF5-4192-98C4-5E92D3AD0C60}
		{FBA787D0-A9EA-48F6-A63A-8EE22FD8BD0F} = {FBA787D0-A9EA-48F6-A63A-8EE22FD8BD0F}
	EndProjectSection
EndProject
Global
	GlobalSection(SolutionConfigurationPlatforms) = preSolution
		Release|x64 = Release|x64
		Release|x86 = Release|x86
	EndGlobalSection
	GlobalSection(ProjectConfigurationPlatforms) = postSolution
		{3FBA5817-1645-46FD-98AC-966E66B608E4}.Release|x64.ActiveCfg = Release|x64
		{3FBA5817-1645-46FD-98AC-966E66B608E4}.Release|x64.Build.0 = Release|x64
		{3FBA5817-1645-46FD-98AC-966E66B608E4}.Release|x86.ActiveCfg = Release|Win32
		{3FBA5817-1645-46FD-98AC-966E66B608E4}.Release|x86.Build.0 = Release|Win32
		{07288347-DA57-4E1D-AF8D-5FA2C10807DE}.Release|x64.ActiveCfg = Release|x64
		{07288347-DA57-4E1D-AF8D-5FA2C10807DE}.Release|x64.Build.0 = Release|x64
		{07288347-DA57-4E1D-AF8D-5FA2C10807DE}.Release|x86.ActiveCfg = Release|Win32
		{07288347-DA57-4E1D-AF8D-5FA2C10807DE}.Release|x86.Build.0 = Release|Win32
		{252EEE75-4914-4FD0-845C-29AD4011E372}.Release|x64.ActiveCfg = Release|x64
		{252EEE75-4914-4FD0-845C-29AD4011E372}.Release|x64.Build.0 = Release|x64
		{252EEE75-4914-4FD0-845C-29AD4011E372}.Release|x86.ActiveCfg = Release|Win32
		{252EEE75-4914-4FD0-845C-29AD4011E372}.Release|x86.Build.0 = Release|Win32
		{9202EE2C-2C52-46D5-AF6E-95915252ADAC}.Release|x64.ActiveCfg = Release|x64
		{9202EE2C-2C52-46D5-AF6E-95915252ADAC}.Release|x64.Build.0 = Release|x64
		{9202EE2C-2C52-46D5-AF6E-95915252ADAC}.Release|x86.ActiveCfg = Release|Win32
		{9202EE2C-2C52-46D5-AF6E-95915252ADAC}.Release|x86.Build.0 = Release|Win32
		{23F103C3-6CB0-4562-A123-155CFF53F8B4}.Release|x64.ActiveCfg = Release|x64
		{23F103C3-6CB0-4562-A123-155CFF53F8B4}.Release|x64.Build.0 = Release|x64
		{23F103C3-6CB0-4562-A123-155CFF53F8B4}.Release|x86.ActiveCfg = Release|Win32
		{23F103C3-6CB0-4562-A123-155CFF53F8B4}.Release|x86.Build.0 = Release|Win32
		{32DCDEEC-F8F7-4C04-9BA6-E82FD8EE9E5A}.Release|x64.ActiveCfg = Release|x64
		{32DCDEEC-F8F7-4C04-9BA6-E82FD8EE9E5A}.Release|x64.Build.0 = Release|x64
		{32DCDEEC-F8F7-4C04-9BA6-E82FD8EE9E5A}.Release|x86.ActiveCfg = Release|Win32
		{32DCDEEC-F8F7-4C04-9BA6-E82FD8EE9E5A}.Release|x86.Build.0 = Release|Win32
		{D18FF998-E979-44A5-9C07-9D5CE7887F00}.Release|x64.ActiveCfg = Release|x64
		{D18FF998-E979-44A5-9C07-9D5CE7887F00}.Release|x64.Build.0 = Release|x64
		{D18FF998-E979-44A5-9C07-9D5CE7887F00}.Release|x86.ActiveCfg = Release|Win32
		{D18FF998-E979-44A5-9C07-9D5CE7887F00}.Release|x86.Build.0 = Release|Win32
		{C4EB84E8-1151-4E89-8CA3-5F7100F6F779}.Release|x64.ActiveCfg = Release|x64
		{C4EB84E8-1151-4E89-8CA3-5F7100F6F779}.Release|x64.Build.0 = Release|x64
		{C4EB84E8-1151-4E89-8CA3-5F7100F6F779}.Release|x86.ActiveCfg = Release|Win32
		{C4EB84E8-1151-4E89-8CA3-5F7100F6F779}.Release|x86.Build.0 = Release|Win32
		{AFDBFFA5-7F37-4F7D-98CB-F9950F023FC4}.Release|x64.ActiveCfg = Release|x64
		{AFDBFFA5-7F37-4F7D-98CB-F9950F023FC4}.Release|x64.Build.0 = Release|x64
		{AFDBFFA5-7F37-4F7D-98CB-F9950F023FC4}.Release|x86.ActiveCfg = Release|Win32
		{AFDBFFA5-7F37-4F7D-98CB-F9950F023FC4}.Release|x86.Build.0 = Release|Win32
		{B59F8254-0DD7-4024-B123-D84D094200F4}.Release|x64.ActiveCfg = Release|x64
		{B59F8254-0DD7-4024-B123-D84D094200F4}.Release|x64.Build.0 = Release|x64
		{B59F8254-0DD7-4024-B123-D84D094200F4}.Release|x86.ActiveCfg = Release|Win32
		{B59F8254-0DD7-4024-B123-D84D094200F4}.Release|x86.Build.0 = Release|Win32
		{E55F3A3E-0741-4AF6-96DC-262DEE5E2B36}.Release|x64.ActiveCfg = Release|x64
		{E55F3A3E-0741-4AF6-96DC-262DEE5E2B36}.Release|x64.Build.0 = Release|x64
		{E55F3A3E-0741-4AF6-96DC-262DEE5E2B36}.Release|x86.ActiveCfg = Release|Win32
		{E55F3A3E-0741-4AF6-96DC-262DEE5E2B36}.Release|x86.Build.0 = Release|Win32
		{548755CD-F45E-47F1-97C1-5F85FB778CB0}.Release|x64.ActiveCfg = Release|x64
		{548755CD-F45E-47F1-97C1-5F85FB778CB0}.Release|x64.Build.0 = Release|x64
		{548755CD-F45E-47F1-97C1-5F85FB778CB0}.Release|x86.ActiveCfg = Release|Win32
		{548755CD-F45E-47F1-97C1-5F85FB778CB0}.Release|x86.Build.0 = Release|Win32
		{3627BACE-EED0-40ED-80DE-CA94A04A2FEC}.Release|x64.ActiveCfg = Release|x64
		{3627BACE-EED0-40ED-80DE-CA94A04A2FEC}.Release|x64.Build.0 = Release|x64
		{3627BACE-EED0-40ED-80DE-CA94A04A2FEC}.Release|x86.ActiveCfg = Release|Win32
		{3627BACE-EED0-40ED-80DE-CA94A04A2FEC}.Release|x86.Build.0 = Release|Win32
		{45736B32-3D2A-436E-97BD-C82D79ACE5DD}.Release|x64.ActiveCfg = Release|x64
		{45736B32-3D2A-436E-97BD-C82D79ACE5DD}.Release|x64.Build.0 = Release|x64
		{45736B32-3D2A-436E-97BD-C82D79ACE5DD}.Release|x86.ActiveCfg = Release|Win32
		{45736B32-3D2A-436E-97BD-C82D79ACE5DD}.Release|x86.Build.0 = Release|Win32
		{B9A7CF9D-DB13-4C15-802D-10806BDF2A24}.Release|x64.ActiveCfg = Release|x64
		{B9A7CF9D-DB13-4C15-802D-10806BDF2A24}.Release|x64.Build.0 = Release|x64
		{B9A7CF9D-DB13-4C15-802D-10806BDF2A24}.Release|x86.ActiveCfg = Release|Win32
		{B9A7CF9D-DB13-4C15-802D-10806BDF2A24}.Release|x86.Build.0 = Release|Win32
		{3610B8C8-E6D7-4F06-83C6-DA6B35180DAE}.Release|x64.ActiveCfg = Release|x64
		{3610B8C8-E6D7-4F06-83C6-DA6B35180DAE}.Release|x64.Build.0 = Release|x64
		{3610B8C8-E6D7-4F06-83C6-DA6B35180DAE}.Release|x86.ActiveCfg = Release|Win32
		{3610B8C8-E6D7-4F06-83C6-DA6B35180DAE}.Release|x86.Build.0 = Release|Win32
		{303D2F3A-9311-4FA0-A014-78BCAC68982D}.Release|x64.ActiveCfg = Release|x64
		{303D2F3A-9311-4FA0-A014-78BCAC68982D}.Release|x64.Build.0 = Release|x64
		{303D2F3A-9311-4FA0-A014-78BCAC68982D}.Release|x86.ActiveCfg = Release|Win32
		{303D2F3A-9311-4FA0-A014-78BCAC68982D}.Release|x86.Build.0 = Release|Win32
		{43BA7E4C-192F-480D-B368-DAD266409CC0}.Release|x64.ActiveCfg = Release|x64
		{43BA7E4C-192F-480D-B368-DAD266409CC0}.Release|x64.Build.0 = Release|x64
		{43BA7E4C-192F-480D-B368-DAD266409CC0}.Release|x86.ActiveCfg = Release|Win32
		{43BA7E4C-192F-480D-B368-DAD266409CC0}.Release|x86.Build.0 = Release|Win32
		{70DDF0FD-8837-4554-93DB-22D3160A714C}.Release|x64.ActiveCfg = Release|x64
		{70DDF0FD-8837-4554-93DB-22D3160A714C}.Release|x64.Build.0 = Release|x64
		{70DDF0FD-8837-4554-93DB-22D3160A714C}.Release|x86.ActiveCfg = Release|Win32
		{70DDF0FD-8837-4554-93DB-22D3160A714C}.Release|x86.Build.0 = Release|Win32
		{5F604D76-D6CA-4D76-AB40-8DB036D1942F}.Release|x64.ActiveCfg = Release|x64
		{5F604D76-D6CA-4D76-AB40-8DB036D1942F}.Release|x64.Build.0 = Release|x64
		{5F604D76-D6CA-4D76-AB40-8DB036D1942F}.Release|x86.ActiveCfg = Release|Win32
		{5F604D76-D6CA-4D76-AB40-8DB036D1942F}.Release|x86.Build.0 = Release|Win32
		{9E9ACF32-B3ED-4184-9934-A3696333D135}.Release|x64.ActiveCfg = Release|x64
		{9E9ACF32-B3ED-4184-9934-A3696333D135}.Release|x64.Build.0 = Release|x64
		{9E9ACF32-B3ED-4184-9934-A3696333D135}.Release|x86.ActiveCfg = Release|Win32
		{9E9ACF32-B3ED-4184-9934-A3696333D135}.Release|x86.Build.0 = Release|Win32
		{15FC3C43-C426-45EC-9438-F11243DEFA35}.Release|x64.ActiveCfg = Release|x64
		{15FC3C43-C426-45EC-9438-F11243DEFA35}.Release|x64.Build.0 = Release|x64
		{15FC3C43-C426-45EC-9438-F11243DEFA35}.Release|x86.ActiveCfg = Release|Win32
		{15FC3C43-C426-45EC-9438-F11243DEFA35}.Release|x86.Build.0 = Release|Win32
		{83494490-1F3A-4786-9559-41B695078FE9}.Release|x64.ActiveCfg = Release|x64
		{83494490-1F3A-4786-9559-41B695078FE9}.Release|x64.Build.0 = Release|x64
		{83494490-1F3A-4786-9559-41B695078FE9}.Release|x86.ActiveCfg = Release|Win32
		{83494490-1F3A-4786-9559-41B695078FE9}.Release|x86.Build.0 = Release|Win32
		{202A0E0F-63EF-422E-8403-9EE97D4E1831}.Release|x64.ActiveCfg = Release|x64
		{202A0E0F-63EF-422E-8403-9EE97D4E1831}.Release|x64.Build.0 = Release|x64
		{202A0E0F-63EF-422E-8403-9EE97D4E1831}.Release|x86.ActiveCfg = Release|Win32
		{202A0E0F-63EF-422E-8403-9EE97D4E1831}.Release|x86.Build.0 = Release|Win32
		{158299C9-124B-41D3-A8DE-B7129EB4B61A}.Release|x64.ActiveCfg = Release|x64
		{158299C9-124B-41D3-A8DE-B7129EB4B61A}.Release|x64.Build.0 = Release|x64
		{158299C9-124B-41D3-A8DE-B7129EB4B61A}.Release|x86.ActiveCfg = Release|Win32
		{158299C9-124B-41D3-A8DE-B7129EB4B61A}.Release|x86.Build.0 = Release|Win32
		{2C9369D9-4BAB-47C0-88B3-0928E013C503}.Release|x64.ActiveCfg = Release|x64
		{2C9369D9-4BAB-47C0-88B3-0928E013C503}.Release|x64.Build.0 = Release|x64
		{2C9369D9-4BAB-47C0-88B3-0928E013C503}.Release|x86.ActiveCfg = Release|Win32
		{2C9369D9-4BAB-47C0-88B3-0928E013C503}.Release|x86.Build.0 = Release|Win32
		{0542D94F-BADF-469B-96A6-A44BB49003E8}.Release|x64.ActiveCfg = Release|x64
		{0542D94F-BADF-469B-96A6-A44BB49003E8}.Release|x64.Build.0 = Release|x64
		{0542D94F-BADF-469B-96A6-A44BB49003E8}.Release|x86.ActiveCfg = Release|Win32
		{0542D94F-BADF-469B-96A6-A44BB49003E8}.Release|x86.Build.0 = Release|Win32
		{FBA787D0-A9EA-48F6-A63A-8EE22FD8BD0F}.Release|x64.ActiveCfg = Release|x64
		{FBA787D0-A9EA-48F6-A63A-8EE22FD8BD0F}.Release|x64.Build.0 = Release|x64
		{FBA787D0-A9EA-48F6-A63A-8EE22FD8BD0F}.Release|x86.ActiveCfg = Release|Win32
		{FBA787D0-A9EA-48F6-A63A-8EE22FD8BD0F}.Release|x86.Build.0 = Release|Win32
		{0C9E6C53-DE5D-49E5-B295-28D43AE32E2D}.Release|x64.ActiveCfg = Release|x64
		{0C9E6C53-DE5D-49E5-B295-28D43AE32E2D}.Release|x64.Build.0 = Release|x64
		{0C9E6C53-DE5D-49E5-B295-28D43AE32E2D}.Release|x86.ActiveCfg = Release|Win32
		{0C9E6C53-DE5D-49E5-B295-28D43AE32E2D}.Release|x86.Build.0 = Release|Win32
		{F346010A-9FF5-4192-98C4-5E92D3AD0C60}.Release|x64.ActiveCfg = Release|x64
		{F346010A-9FF5-4192-98C4-5E92D3AD0C60}.Release|x64.Build.0 = Release|x64
		{F346010A-9FF5-4192-98C4-5E92D3AD0C60}.Release|x86.ActiveCfg = Release|Win32
		{F346010A-9FF5-4192-98C4-5E92D3AD0C60}.Release|x86.Build.0 = Release|Win32
		{437BCD9F-0DB8-4719-98A2-3EB5EF033A81}.Release|x64.ActiveCfg = Release|x64
		{437BCD9F-0DB8-4719-98A2-3EB5EF033A81}.Release|x64.Build.0 = Release|x64
		{437BCD9F-0DB8-4719-98A2-3EB5EF033A81}.Release|x86.ActiveCfg = Release|Win32
		{437BCD9F-0DB8-4719-98A2-3EB5EF033A81}.Release|x86.Build.0 = Release|Win32
		{D9847AC5-2594-4233-AC13-C0A65A63725A}.Release|x64.ActiveCfg = Release|x64
		{D9847AC5-2594-4233-AC13-C0A65A63725A}.Release|x64.Build.0 = Release|x64
		{D9847AC5-2594-4233-AC13-C0A65A63725A}.Release|x86.ActiveCfg = Release|Win32
		{D9847AC5-2594-4233-AC13-C0A65A63725A}.Release|x86.Build.0 = Release|Win32
		{08C031B4-B9BD-4689-BF79-C33C97D8852F}.Release|x64.ActiveCfg = Release|x64
		{08C031B4-B9BD-4689-BF79-C33C97D8852F}.Release|x64.Build.0 = Release|x64
		{08C031B4-B9BD-4689-BF79-C33C97D8852F}.Release|x86.ActiveCfg = Release|Win32
		{08C031B4-B9BD-4689-BF79-C33C97D8852F}.Release|x86.Build.0 = Release|Win32
		{65E25AFB-4E4A-4D39-B771-ACAACB679892}.Release|x64.ActiveCfg = Release|x64
		{65E25AFB-4E4A-4D39-B771-ACAACB679892}.Release|x64.Build.0 = Release|x64
		{65E25AFB-4E4A-4D39-B771-ACAACB679892}.Release|x86.ActiveCfg = Release|Win32
		{65E25AFB-4E4A-4D39-B771-ACAACB679892}.Release|x86.Build.0 = Release|Win32
		{354E29D1-C35C-4497-9696-4EC01B164754}.Release|x64.ActiveCfg = Release|x64
		{354E29D1-C35C-4497-9696-4EC01B164754}.Release|x64.Build.0 = Release|x64
		{354E29D1-C35C-4497-9696-4EC01B164754}.Release|x86.ActiveCfg = Release|Win32
		{354E29D1-C35C-4497-9696-4EC01B164754}.Release|x86.Build.0 = Release|Win32
		{DFE85119-715B-41BB-B925-97BD340AB5DD}.Release|x64.ActiveCfg = Release|x64
		{DFE85119-715B-41BB-B925-97BD340AB5DD}.Release|x64.Build.0 = Release|x64
		{DFE85119-715B-41BB-B925-97BD340AB5DD}.Release|x86.ActiveCfg = Release|Win32
		{DFE85119-715B-41BB-B925-97BD340AB5DD}.Release|x86.Build.0 = Release|Win32
		{9F3BB514-E5AE-4BB6-9BB6-8288B307BAF1}.Release|x64.ActiveCfg = Release|x64
		{9F3BB514-E5AE-4BB6-9BB6-8288B307BAF1}.Release|x64.Build.0 = Release|x64
		{9F3BB514-E5AE-4BB6-9BB6-8288B307BAF1}.Release|x86.ActiveCfg = Release|Win32
		{9F3BB514-E5AE-4BB6-9BB6-8288B307BAF1}.Release|x86.Build.0 = Release|Win32
		{93B57BD0-60A6-4223-A264-F6E2EC6CDE3C}.Release|x64.ActiveCfg = Release|x64
		{93B57BD0-60A6-4223-A264-F6E2EC6CDE3C}.Release|x64.Build.0 = Release|x64
		{93B57BD0-60A6-4223-A264-F6E2EC6CDE3C}.Release|x86.ActiveCfg = Release|Win32
		{93B57BD0-60A6-4223-A264-F6E2EC6CDE3C}.Release|x86.Build.0 = Release|Win32
		{7E83323D-277F-46A0-B870-14F1B0EF6371}.Release|x64.ActiveCfg = Release|x64
		{7E83323D-277F-46A0-B870-14F1B0EF6371}.Release|x64.Build.0 = Release|x64
		{7E83323D-277F-46A0-B870-14F1B0EF6371}.Release|x86.ActiveCfg = Release|Win32
		{7E83323D-277F-46A0-B870-14F1B0EF6371}.Release|x86.Build.0 = Release|Win32
		{E9E765AC-68DE-43B2-A5EE-1319521D1C77}.Release|x64.ActiveCfg = Release|x64
		{E9E765AC-68DE-43B2-A5EE-1319521D1C77}.Release|x64.Build.0 = Release|x64
		{E9E765AC-68DE-43B2-A5EE-1319521D1C77}.Release|x86.ActiveCfg = Release|Win32
		{E9E765AC-68DE-43B2-A5EE-1319521D1C77}.Release|x86.Build.0 = Release|Win32
	EndGlobalSection
	GlobalSection(SolutionProperties) = preSolution
		HideSolutionNode = FALSE
	EndGlobalSection
	GlobalSection(ExtensibilityGlobals) = postSolution
		SolutionGuid = {ED092226-00EE-407A-B960-374FC3D74824}
	EndGlobalSection
EndGlobal
